
Microsoft Visual Studio Solution File, Format Version 12.00
# Visual Studio 15
VisualStudioVersion = 15.0.27428.1
MinimumVisualStudioVersion = 10.0.40219.1
Project("{2150E333-8FDC-42A3-9474-1A3956D46DE8}") = "1. Application", "1. Application", "{DE682EA9-1127-40D8-BD72-2B4842B1ABAF}"
EndProject
Project("{2150E333-8FDC-42A3-9474-1A3956D46DE8}") = "2. Service", "2. Service", "{C895DC60-0841-4908-A6E5-7517695AE3F9}"
EndProject
Project("{2150E333-8FDC-42A3-9474-1A3956D46DE8}") = "4. Infra", "4. Infra", "{65DC0F6F-B98A-430A-A67C-7DC4CE440A5F}"
EndProject
Project("{9A19103F-16F7-4668-BE54-9A1E7A4F7556}") = "poc.Risco.Api", "poc.Risco.Api\poc.Risco.Api.csproj", "{73D6FA77-CBB0-4424-8056-87325D06BD00}"
EndProject
Project("{9A19103F-16F7-4668-BE54-9A1E7A4F7556}") = "poc.Data", "poc.Data\poc.Data.csproj", "{21AF5C3B-FCF9-4C4E-96C5-8FE5AB6D1F7D}"
EndProject
Project("{9A19103F-16F7-4668-BE54-9A1E7A4F7556}") = "poc.Service", "poc.Service\poc.Service.csproj", "{867DE22E-1AC9-4AFF-B2AE-7980CCD870F8}"
EndProject
Project("{2150E333-8FDC-42A3-9474-1A3956D46DE8}") = "3. Connector", "3. Connector", "{48E1435B-8918-4755-8DF3-AC1F89F06F60}"
EndProject
Project("{FAE04EC0-301F-11D3-BF4B-00C04F79EFBC}") = "Gim.Connector", "Gim.Connector\Gim.Connector.csproj", "{CC53FA0C-27DE-4593-B0AF-69707D89B068}"
EndProject
Global
	GlobalSection(SolutionConfigurationPlatforms) = preSolution
		Debug|Any CPU = Debug|Any CPU
		Release|Any CPU = Release|Any CPU
	EndGlobalSection
	GlobalSection(ProjectConfigurationPlatforms) = postSolution
		{73D6FA77-CBB0-4424-8056-87325D06BD00}.Debug|Any CPU.ActiveCfg = Debug|Any CPU
		{73D6FA77-CBB0-4424-8056-87325D06BD00}.Debug|Any CPU.Build.0 = Debug|Any CPU
		{73D6FA77-CBB0-4424-8056-87325D06BD00}.Release|Any CPU.ActiveCfg = Release|Any CPU
		{73D6FA77-CBB0-4424-8056-87325D06BD00}.Release|Any CPU.Build.0 = Release|Any CPU
		{21AF5C3B-FCF9-4C4E-96C5-8FE5AB6D1F7D}.Debug|Any CPU.ActiveCfg = Debug|Any CPU
		{21AF5C3B-FCF9-4C4E-96C5-8FE5AB6D1F7D}.Debug|Any CPU.Build.0 = Debug|Any CPU
		{21AF5C3B-FCF9-4C4E-96C5-8FE5AB6D1F7D}.Release|Any CPU.ActiveCfg = Release|Any CPU
		{21AF5C3B-FCF9-4C4E-96C5-8FE5AB6D1F7D}.Release|Any CPU.Build.0 = Release|Any CPU
		{867DE22E-1AC9-4AFF-B2AE-7980CCD870F8}.Debug|Any CPU.ActiveCfg = Debug|Any CPU
		{867DE22E-1AC9-4AFF-B2AE-7980CCD870F8}.Debug|Any CPU.Build.0 = Debug|Any CPU
		{867DE22E-1AC9-4AFF-B2AE-7980CCD870F8}.Release|Any CPU.ActiveCfg = Release|Any CPU
		{867DE22E-1AC9-4AFF-B2AE-7980CCD870F8}.Release|Any CPU.Build.0 = Release|Any CPU
		{CC53FA0C-27DE-4593-B0AF-69707D89B068}.Debug|Any CPU.ActiveCfg = Debug|Any CPU
		{CC53FA0C-27DE-4593-B0AF-69707D89B068}.Debug|Any CPU.Build.0 = Debug|Any CPU
		{CC53FA0C-27DE-4593-B0AF-69707D89B068}.Release|Any CPU.ActiveCfg = Release|Any CPU
		{CC53FA0C-27DE-4593-B0AF-69707D89B068}.Release|Any CPU.Build.0 = Release|Any CPU
	EndGlobalSection
	GlobalSection(SolutionProperties) = preSolution
		HideSolutionNode = FALSE
	EndGlobalSection
	GlobalSection(NestedProjects) = preSolution
		{73D6FA77-CBB0-4424-8056-87325D06BD00} = {DE682EA9-1127-40D8-BD72-2B4842B1ABAF}
		{21AF5C3B-FCF9-4C4E-96C5-8FE5AB6D1F7D} = {65DC0F6F-B98A-430A-A67C-7DC4CE440A5F}
		{867DE22E-1AC9-4AFF-B2AE-7980CCD870F8} = {C895DC60-0841-4908-A6E5-7517695AE3F9}
		{CC53FA0C-27DE-4593-B0AF-69707D89B068} = {48E1435B-8918-4755-8DF3-AC1F89F06F60}
	EndGlobalSection
	GlobalSection(ExtensibilityGlobals) = postSolution
		SolutionGuid = {4C5D5C51-6134-48EB-AC3F-FA0D8A23CDF6}
	EndGlobalSection
EndGlobal
